Microsoft Visual Studio Solution File, Format Version 12.00
# Visual Studio Version 17
VisualStudioVersion = 17.13.35931.197
MinimumVisualStudioVersion = 10.0.40219.1
Project("{8BC9CEB8-8B4A-11D0-8D11-00A0C91BC942}") = "matriz-100-numeros", "matriz-100-numeros.vcxproj", "{50AF272B-F490-47D3-A156-60B37F8CA8EC}"
EndProject
Global
	GlobalSection(SolutionConfigurationPlatforms) = preSolution
		Debug|x64 = Debug|x64
		Debug|x86 = Debug|x86
		Release|x64 = Release|x64
		Release|x86 = Release|x86
	EndGlobalSection
	GlobalSection(ProjectConfigurationPlatforms) = postSolution
		{50AF272B-F490-47D3-A156-60B37F8CA8EC}.Debug|x64.ActiveCfg = Debug|x64
		{50AF272B-F490-47D3-A156-60B37F8CA8EC}.Debug|x64.Build.0 = Debug|x64
		{50AF272B-F490-47D3-A156-60B37F8CA8EC}.Debug|x86.ActiveCfg = Debug|Win32
		{50AF272B-F490-47D3-A156-60B37F8CA8EC}.Debug|x86.Build.0 = Debug|Win32
		{50AF272B-F490-47D3-A156-60B37F8CA8EC}.Release|x64.ActiveCfg = Release|x64
		{50AF272B-F490-47D3-A156-60B37F8CA8EC}.Release|x64.Build.0 = Release|x64
		{50AF272B-F490-47D3-A156-60B37F8CA8EC}.Release|x86.ActiveCfg = Release|Win32
		{50AF272B-F490-47D3-A156-60B37F8CA8EC}.Release|x86.Build.0 = Release|Win32
	EndGlobalSection
	GlobalSection(SolutionProperties) = preSolution
		HideSolutionNode = FALSE
	EndGlobalSection
	GlobalSection(ExtensibilityGlobals) = postSolution
		SolutionGuid = {BF23FC16-279E-4EF2-83C2-BA78BA7A29CB}
	EndGlobalSection
EndGlobal
